// !$*UTF8*$!
{
	archiveVersion = 1;
	classes = {
	};
	objectVersion = 77;
	objects = {

/* Begin PBXBuildFile section */
		0AA622B1997E3607A9B7DD2E /* Pods_PokeApp_PokeAppUITests.framework in Frameworks */ = {isa = PBXBuildFile; fileRef = 73EC991A842FA9F4E20EF3CB /* Pods_PokeApp_PokeAppUITests.framework */; };
		61F6D0879D6D7D93DA4EB493 /* Pods_PokeAppTests.framework in Frameworks */ = {isa = PBXBuildFile; fileRef = 5AE76DCD68D738421C31ACDC /* Pods_PokeAppTests.framework */; };
		8134CB989AC27071812921B8 /* Pods_PokeApp.framework in Frameworks */ = {isa = PBXBuildFile; fileRef = 93DE6E0525FBA239B74ED1A6 /* Pods_PokeApp.framework */; };
/* End PBXBuildFile section */

/* Begin PBXContainerItemProxy section */
		33185C8F2DC0B6A600DAD9A7 /* PBXContainerItemProxy */ = {
			isa = PBXContainerItemProxy;
			containerPortal = 33185C702DC0B6A500DAD9A7 /* Project object */;
			proxyType = 1;
			remoteGlobalIDString = 33185C772DC0B6A500DAD9A7;
			remoteInfo = PokeApp;
		};
		33185C992DC0B6A600DAD9A7 /* PBXContainerItemProxy */ = {
			isa = PBXContainerItemProxy;
			containerPortal = 33185C702DC0B6A500DAD9A7 /* Project object */;
			proxyType = 1;
			remoteGlobalIDString = 33185C772DC0B6A500DAD9A7;
			remoteInfo = PokeApp;
		};
/* End PBXContainerItemProxy section */

/* Begin PBXFileReference section */
		13F13E43A3DBC45588E95C88 /* Pods-PokeApp-PokeAppUITests.release.xcconfig */ = {isa = PBXFileReference; includeInIndex = 1; lastKnownFileType = text.xcconfig; name = "Pods-PokeApp-PokeAppUITests.release.xcconfig"; path = "Target Support Files/Pods-PokeApp-PokeAppUITests/Pods-PokeApp-PokeAppUITests.release.xcconfig"; sourceTree = "<group>"; };
		33185C782DC0B6A500DAD9A7 /* PokeApp.app */ = {isa = PBXFileReference; explicitFileType = wrapper.application; includeInIndex = 0; path = PokeApp.app; sourceTree = BUILT_PRODUCTS_DIR; };
		33185C8E2DC0B6A600DAD9A7 /* PokeAppTests.xctest */ = {isa = PBXFileReference; explicitFileType = wrapper.cfbundle; includeInIndex = 0; path = PokeAppTests.xctest; sourceTree = BUILT_PRODUCTS_DIR; };
		33185C982DC0B6A600DAD9A7 /* PokeAppUITests.xctest */ = {isa = PBXFileReference; explicitFileType = wrapper.cfbundle; includeInIndex = 0; path = PokeAppUITests.xctest; sourceTree = BUILT_PRODUCTS_DIR; };
		3F9695510186D2E1EE01DA65 /* Pods-PokeAppTests.release.xcconfig */ = {isa = PBXFileReference; includeInIndex = 1; lastKnownFileType = text.xcconfig; name = "Pods-PokeAppTests.release.xcconfig"; path = "Target Support Files/Pods-PokeAppTests/Pods-PokeAppTests.release.xcconfig"; sourceTree = "<group>"; };
		55829CCD61AB96E22B26FA81 /* Pods-PokeApp-PokeAppUITests.debug.xcconfig */ = {isa = PBXFileReference; includeInIndex = 1; lastKnownFileType = text.xcconfig; name = "Pods-PokeApp-PokeAppUITests.debug.xcconfig"; path = "Target Support Files/Pods-PokeApp-PokeAppUITests/Pods-PokeApp-PokeAppUITests.debug.xcconfig"; sourceTree = "<group>"; };
		5AE76DCD68D738421C31ACDC /* Pods_PokeAppTests.framework */ = {isa = PBXFileReference; explicitFileType = wrapper.framework; includeInIndex = 0; path = Pods_PokeAppTests.framework; sourceTree = BUILT_PRODUCTS_DIR; };
		682A3DEF6B117F939F20EE88 /* Pods-PokeApp.release.xcconfig */ = {isa = PBXFileReference; includeInIndex = 1; lastKnownFileType = text.xcconfig; name = "Pods-PokeApp.release.xcconfig"; path = "Target Support Files/Pods-PokeApp/Pods-PokeApp.release.xcconfig"; sourceTree = "<group>"; };
		73EC991A842FA9F4E20EF3CB /* Pods_PokeApp_PokeAppUITests.framework */ = {isa = PBXFileReference; explicitFileType = wrapper.framework; includeInIndex = 0; path = Pods_PokeApp_PokeAppUITests.framework; sourceTree = BUILT_PRODUCTS_DIR; };
		87C2E2305973DD4233B897E0 /* Pods-PokeApp.debug.xcconfig */ = {isa = PBXFileReference; includeInIndex = 1; lastKnownFileType = text.xcconfig; name = "Pods-PokeApp.debug.xcconfig"; path = "Target Support Files/Pods-PokeApp/Pods-PokeApp.debug.xcconfig"; sourceTree = "<group>"; };
		8EBF5AADFC8D24D2AA16FDE6 /* Pods-PokeAppTests.debug.xcconfig */ = {isa = PBXFileReference; includeInIndex = 1; lastKnownFileType = text.xcconfig; name = "Pods-PokeAppTests.debug.xcconfig"; path = "Target Support Files/Pods-PokeAppTests/Pods-PokeAppTests.debug.xcconfig"; sourceTree = "<group>"; };
		93DE6E0525FBA239B74ED1A6 /* Pods_PokeApp.framework */ = {isa = PBXFileReference; explicitFileType = wrapper.framework; includeInIndex = 0; path = Pods_PokeApp.framework; sourceTree = BUILT_PRODUCTS_DIR; };
/* End PBXFileReference section */

/* Begin PBXFileSystemSynchronizedBuildFileExceptionSet section */
		33185CA02DC0B6A600DAD9A7 /* Exceptions for "PokeApp" folder in "PokeApp" target */ = {
			isa = PBXFileSystemSynchronizedBuildFileExceptionSet;
			membershipExceptions = (
				Info.plist,
			);
			target = 33185C772DC0B6A500DAD9A7 /* PokeApp */;
		};
/* End PBXFileSystemSynchronizedBuildFileExceptionSet section */

/* Begin PBXFileSystemSynchronizedRootGroup section */
		33185C7A2DC0B6A500DAD9A7 /* PokeApp */ = {
			isa = PBXFileSystemSynchronizedRootGroup;
			exceptions = (
				33185CA02DC0B6A600DAD9A7 /* Exceptions for "PokeApp" folder in "PokeApp" target */,
			);
			path = PokeApp;
			sourceTree = "<group>";
		};
		33185C912DC0B6A600DAD9A7 /* PokeAppTests */ = {
			isa = PBXFileSystemSynchronizedRootGroup;
			path = PokeAppTests;
			sourceTree = "<group>";
		};
		33185C9B2DC0B6A600DAD9A7 /* PokeAppUITests */ = {
			isa = PBXFileSystemSynchronizedRootGroup;
			path = PokeAppUITests;
			sourceTree = "<group>";
		};
/* End PBXFileSystemSynchronizedRootGroup section */

/* Begin PBXFrameworksBuildPhase section */
		33185C752DC0B6A500DAD9A7 /* Frameworks */ = {
			isa = PBXFrameworksBuildPhase;
			buildActionMask = 2147483647;
			files = (
				8134CB989AC27071812921B8 /* Pods_PokeApp.framework in Frameworks */,
			);
			runOnlyForDeploymentPostprocessing = 0;
		};
		33185C8B2DC0B6A600DAD9A7 /* Frameworks */ = {
			isa = PBXFrameworksBuildPhase;
			buildActionMask = 2147483647;
			files = (
				61F6D0879D6D7D93DA4EB493 /* Pods_PokeAppTests.framework in Frameworks */,
			);
			runOnlyForDeploymentPostprocessing = 0;
		};
		33185C952DC0B6A600DAD9A7 /* Frameworks */ = {
			isa = PBXFrameworksBuildPhase;
			buildActionMask = 2147483647;
			files = (
				0AA622B1997E3607A9B7DD2E /* Pods_PokeApp_PokeAppUITests.framework in Frameworks */,
			);
			runOnlyForDeploymentPostprocessing = 0;
		};
/* End PBXFrameworksBuildPhase section */

/* Begin PBXGroup section */
		1012B8FC0B2FC62D8BCBEF65 /* Frameworks */ = {
			isa = PBXGroup;
			children = (
				93DE6E0525FBA239B74ED1A6 /* Pods_PokeApp.framework */,
				73EC991A842FA9F4E20EF3CB /* Pods_PokeApp_PokeAppUITests.framework */,
				5AE76DCD68D738421C31ACDC /* Pods_PokeAppTests.framework */,
			);
			name = Frameworks;
			sourceTree = "<group>";
		};
		1C8898E1F7679F8ADAB4B7E0 /* Pods */ = {
			isa = PBXGroup;
			children = (
				87C2E2305973DD4233B897E0 /* Pods-PokeApp.debug.xcconfig */,
				682A3DEF6B117F939F20EE88 /* Pods-PokeApp.release.xcconfig */,
				55829CCD61AB96E22B26FA81 /* Pods-PokeApp-PokeAppUITests.debug.xcconfig */,
				13F13E43A3DBC45588E95C88 /* Pods-PokeApp-PokeAppUITests.release.xcconfig */,
				8EBF5AADFC8D24D2AA16FDE6 /* Pods-PokeAppTests.debug.xcconfig */,
				3F9695510186D2E1EE01DA65 /* Pods-PokeAppTests.release.xcconfig */,
			);
			path = Pods;
			sourceTree = "<group>";
		};
		33185C6F2DC0B6A500DAD9A7 = {
			isa = PBXGroup;
			children = (
				33185C7A2DC0B6A500DAD9A7 /* PokeApp */,
				33185C912DC0B6A600DAD9A7 /* PokeAppTests */,
				33185C9B2DC0B6A600DAD9A7 /* PokeAppUITests */,
				33185C792DC0B6A500DAD9A7 /* Products */,
				1C8898E1F7679F8ADAB4B7E0 /* Pods */,
				1012B8FC0B2FC62D8BCBEF65 /* Frameworks */,
			);
			sourceTree = "<group>";
		};
		33185C792DC0B6A500DAD9A7 /* Products */ = {
			isa = PBXGroup;
			children = (
				33185C782DC0B6A500DAD9A7 /* PokeApp.app */,
				33185C8E2DC0B6A600DAD9A7 /* PokeAppTests.xctest */,
				33185C982DC0B6A600DAD9A7 /* PokeAppUITests.xctest */,
			);
			name = Products;
			sourceTree = "<group>";
		};
/* End PBXGroup section */

/* Begin PBXNativeTarget section */
		33185C772DC0B6A500DAD9A7 /* PokeApp */ = {
			isa = PBXNativeTarget;
			buildConfigurationList = 33185CA12DC0B6A600DAD9A7 /* Build configuration list for PBXNativeTarget "PokeApp" */;
			buildPhases = (
				6D8DBAC2083057FE00F16003 /* [CP] Check Pods Manifest.lock */,
				33185C742DC0B6A500DAD9A7 /* Sources */,
				33185C752DC0B6A500DAD9A7 /* Frameworks */,
				33185C762DC0B6A500DAD9A7 /* Resources */,
			);
			buildRules = (
			);
			dependencies = (
			);
			fileSystemSynchronizedGroups = (
				33185C7A2DC0B6A500DAD9A7 /* PokeApp */,
			);
			name = PokeApp;
			productName = PokeApp;
			productReference = 33185C782DC0B6A500DAD9A7 /* PokeApp.app */;
			productType = "com.apple.product-type.application";
		};
		33185C8D2DC0B6A600DAD9A7 /* PokeAppTests */ = {
			isa = PBXNativeTarget;
			buildConfigurationList = 33185CA62DC0B6A600DAD9A7 /* Build configuration list for PBXNativeTarget "PokeAppTests" */;
			buildPhases = (
				5F9377B3477F5A62E4D2BDC9 /* [CP] Check Pods Manifest.lock */,
				33185C8A2DC0B6A600DAD9A7 /* Sources */,
				33185C8B2DC0B6A600DAD9A7 /* Frameworks */,
				33185C8C2DC0B6A600DAD9A7 /* Resources */,
			);
			buildRules = (
			);
			dependencies = (
				33185C902DC0B6A600DAD9A7 /* PBXTargetDependency */,
			);
			fileSystemSynchronizedGroups = (
				33185C912DC0B6A600DAD9A7 /* PokeAppTests */,
			);
			name = PokeAppTests;
			productName = PokeAppTests;
			productReference = 33185C8E2DC0B6A600DAD9A7 /* PokeAppTests.xctest */;
			productType = "com.apple.product-type.bundle.unit-test";
		};
		33185C972DC0B6A600DAD9A7 /* PokeAppUITests */ = {
			isa = PBXNativeTarget;
			buildConfigurationList = 33185CA92DC0B6A600DAD9A7 /* Build configuration list for PBXNativeTarget "PokeAppUITests" */;
			buildPhases = (
				29415F475719BA866A71FE86 /* [CP] Check Pods Manifest.lock */,
				33185C942DC0B6A600DAD9A7 /* Sources */,
				33185C952DC0B6A600DAD9A7 /* Frameworks */,
				33185C962DC0B6A600DAD9A7 /* Resources */,
			);
			buildRules = (
			);
			dependencies = (
				33185C9A2DC0B6A600DAD9A7 /* PBXTargetDependency */,
			);
			fileSystemSynchronizedGroups = (
				33185C9B2DC0B6A600DAD9A7 /* PokeAppUITests */,
			);
			name = PokeAppUITests;
			productName = PokeAppUITests;
			productReference = 33185C982DC0B6A600DAD9A7 /* PokeAppUITests.xctest */;
			productType = "com.apple.product-type.bundle.ui-testing";
		};
/* End PBXNativeTarget section */

/* Begin PBXProject section */
		33185C702DC0B6A500DAD9A7 /* Project object */ = {
			isa = PBXProject;
			attributes = {
				BuildIndependentTargetsInParallel = 1;
				LastSwiftUpdateCheck = 1630;
				LastUpgradeCheck = 1630;
				TargetAttributes = {
					33185C772DC0B6A500DAD9A7 = {
						CreatedOnToolsVersion = 16.3;
					};
					33185C8D2DC0B6A600DAD9A7 = {
						CreatedOnToolsVersion = 16.3;
						TestTargetID = 33185C772DC0B6A500DAD9A7;
					};
					33185C972DC0B6A600DAD9A7 = {
						CreatedOnToolsVersion = 16.3;
						TestTargetID = 33185C772DC0B6A500DAD9A7;
					};
				};
			};
			buildConfigurationList = 33185C732DC0B6A500DAD9A7 /* Build configuration list for PBXProject "PokeApp" */;
			developmentRegion = en;
			hasScannedForEncodings = 0;
			knownRegions = (
				en,
				Base,
			);
			mainGroup = 33185C6F2DC0B6A500DAD9A7;
			minimizedProjectReferenceProxies = 1;
			preferredProjectObjectVersion = 77;
			productRefGroup = 33185C792DC0B6A500DAD9A7 /* Products */;
			projectDirPath = "";
			projectRoot = "";
			targets = (
				33185C772DC0B6A500DAD9A7 /* PokeApp */,
				33185C8D2DC0B6A600DAD9A7 /* PokeAppTests */,
				33185C972DC0B6A600DAD9A7 /* PokeAppUITests */,
			);
		};
/* End PBXProject section */

/* Begin PBXResourcesBuildPhase section */
		33185C762DC0B6A500DAD9A7 /* Resources */ = {
			isa = PBXResourcesBuildPhase;
			buildActionMask = 2147483647;
			files = (
			);
			runOnlyForDeploymentPostprocessing = 0;
		};
		33185C8C2DC0B6A600DAD9A7 /* Resources */ = {
			isa = PBXResourcesBuildPhase;
			buildActionMask = 2147483647;
			files = (
			);
			runOnlyForDeploymentPostprocessing = 0;
		};
		33185C962DC0B6A600DAD9A7 /* Resources */ = {
			isa = PBXResourcesBuildPhase;
			buildActionMask = 2147483647;
			files = (
			);
			runOnlyForDeploymentPostprocessing = 0;
		};
/* End PBXResourcesBuildPhase section */

/* Begin PBXShellScriptBuildPhase section */
		29415F475719BA866A71FE86 /* [CP] Check Pods Manifest.lock */ = {
			isa = PBXShellScriptBuildPhase;
			buildActionMask = 2147483647;
			files = (
			);
			inputFileListPaths = (
			);
			inputPaths = (
				"${PODS_PODFILE_DIR_PATH}/Podfile.lock",
				"${PODS_ROOT}/Manifest.lock",
			);
			name = "[CP] Check Pods Manifest.lock";
			outputFileListPaths = (
			);
			outputPaths = (
				"$(DERIVED_FILE_DIR)/Pods-PokeApp-PokeAppUITests-checkManifestLockResult.txt",
			);
			runOnlyForDeploymentPostprocessing = 0;
			shellPath = /bin/sh;
			shellScript = "diff \"${PODS_PODFILE_DIR_PATH}/Podfile.lock\" \"${PODS_ROOT}/Manifest.lock\" > /dev/null\nif [ $? != 0 ] ; then\n    # print error to STDERR\n    echo \"error: The sandbox is not in sync with the Podfile.lock. Run 'pod install' or update your CocoaPods installation.\" >&2\n    exit 1\nfi\n# This output is used by Xcode 'outputs' to avoid re-running this script phase.\necho \"SUCCESS\" > \"${SCRIPT_OUTPUT_FILE_0}\"\n";
			showEnvVarsInLog = 0;
		};
		5F9377B3477F5A62E4D2BDC9 /* [CP] Check Pods Manifest.lock */ = {
			isa = PBXShellScriptBuildPhase;
			buildActionMask = 2147483647;
			files = (
			);
			inputFileListPaths = (
			);
			inputPaths = (
				"${PODS_PODFILE_DIR_PATH}/Podfile.lock",
				"${PODS_ROOT}/Manifest.lock",
			);
			name = "[CP] Check Pods Manifest.lock";
			outputFileListPaths = (
			);
			outputPaths = (
				"$(DERIVED_FILE_DIR)/Pods-PokeAppTests-checkManifestLockResult.txt",
			);
			runOnlyForDeploymentPostprocessing = 0;
			shellPath = /bin/sh;
			shellScript = "diff \"${PODS_PODFILE_DIR_PATH}/Podfile.lock\" \"${PODS_ROOT}/Manifest.lock\" > /dev/null\nif [ $? != 0 ] ; then\n    # print error to STDERR\n    echo \"error: The sandbox is not in sync with the Podfile.lock. Run 'pod install' or update your CocoaPods installation.\" >&2\n    exit 1\nfi\n# This output is used by Xcode 'outputs' to avoid re-running this script phase.\necho \"SUCCESS\" > \"${SCRIPT_OUTPUT_FILE_0}\"\n";
			showEnvVarsInLog = 0;
		};
		6D8DBAC2083057FE00F16003 /* [CP] Check Pods Manifest.lock */ = {
			isa = PBXShellScriptBuildPhase;
			buildActionMask = 2147483647;
			files = (
			);
			inputFileListPaths = (
			);
			inputPaths = (
				"${PODS_PODFILE_DIR_PATH}/Podfile.lock",
				"${PODS_ROOT}/Manifest.lock",
			);
			name = "[CP] Check Pods Manifest.lock";
			outputFileListPaths = (
			);
			outputPaths = (
				"$(DERIVED_FILE_DIR)/Pods-PokeApp-checkManifestLockResult.txt",
			);
			runOnlyForDeploymentPostprocessing = 0;
			shellPath = /bin/sh;
			shellScript = "diff \"${PODS_PODFILE_DIR_PATH}/Podfile.lock\" \"${PODS_ROOT}/Manifest.lock\" > /dev/null\nif [ $? != 0 ] ; then\n    # print error to STDERR\n    echo \"error: The sandbox is not in sync with the Podfile.lock. Run 'pod install' or update your CocoaPods installation.\" >&2\n    exit 1\nfi\n# This output is used by Xcode 'outputs' to avoid re-running this script phase.\necho \"SUCCESS\" > \"${SCRIPT_OUTPUT_FILE_0}\"\n";
			showEnvVarsInLog = 0;
		};
/* End PBXShellScriptBuildPhase section */

/* Begin PBXSourcesBuildPhase section */
		33185C742DC0B6A500DAD9A7 /* Sources */ = {
			isa = PBXSourcesBuildPhase;
			buildActionMask = 2147483647;
			files = (
			);
			runOnlyForDeploymentPostprocessing = 0;
		};
		33185C8A2DC0B6A600DAD9A7 /* Sources */ = {
			isa = PBXSourcesBuildPhase;
			buildActionMask = 2147483647;
			files = (
			);
			runOnlyForDeploymentPostprocessing = 0;
		};
		33185C942DC0B6A600DAD9A7 /* Sources */ = {
			isa = PBXSourcesBuildPhase;
			buildActionMask = 2147483647;
			files = (
			);
			runOnlyForDeploymentPostprocessing = 0;
		};
/* End PBXSourcesBuildPhase section */

/* Begin PBXTargetDependency section */
		33185C902DC0B6A600DAD9A7 /* PBXTargetDependency */ = {
			isa = PBXTargetDependency;
			target = 33185C772DC0B6A500DAD9A7 /* PokeApp */;
			targetProxy = 33185C8F2DC0B6A600DAD9A7 /* PBXContainerItemProxy */;
		};
		33185C9A2DC0B6A600DAD9A7 /* PBXTargetDependency */ = {
			isa = PBXTargetDependency;
			target = 33185C772DC0B6A500DAD9A7 /* PokeApp */;
			targetProxy = 33185C992DC0B6A600DAD9A7 /* PBXContainerItemProxy */;
		};
/* End PBXTargetDependency section */

/* Begin XCBuildConfiguration section */
		33185CA22DC0B6A600DAD9A7 /* Debug */ = {
			isa = XCBuildConfiguration;
			baseConfigurationReference = 87C2E2305973DD4233B897E0 /* Pods-PokeApp.debug.xcconfig */;
			buildSettings = {
				ASSETCATALOG_COMPILER_APPICON_NAME = AppIcon;
				ASSETCATALOG_COMPILER_GLOBAL_ACCENT_COLOR_NAME = AccentColor;
				CODE_SIGN_STYLE = Automatic;
				CURRENT_PROJECT_VERSION = 1;
				DEVELOPMENT_TEAM = J96BZ9PSBR;
				GENERATE_INFOPLIST_FILE = YES;
				INFOPLIST_FILE = PokeApp/Info.plist;
				INFOPLIST_KEY_UIApplicationSupportsIndirectInputEvents = YES;
				INFOPLIST_KEY_UILaunchStoryboardName = LaunchScreen;
				INFOPLIST_KEY_UIMainStoryboardFile = "";
				INFOPLIST_KEY_UISupportedInterfaceOrientations_iPad = "UIInterfaceOrientationPortrait UIInterfaceOrientationPortraitUpsideDown UIInterfaceOrientationLandscapeLeft UIInterfaceOrientationLandscapeRight";
				INFOPLIST_KEY_UISupportedInterfaceOrientations_iPhone = "UIInterfaceOrientationPortrait UIInterfaceOrientationLandscapeLeft UIInterfaceOrientationLandscapeRight";
				LD_RUNPATH_SEARCH_PATHS = (
					"$(inherited)",
					"@executable_path/Frameworks",
				);
				MARKETING_VERSION = 1.0;
				PRODUCT_BUNDLE_IDENTIFIER = danicano.PokeApp;
				PRODUCT_NAME = "$(TARGET_NAME)";
				SWIFT_EMIT_LOC_STRINGS = YES;
				SWIFT_VERSION = 5.0;
				TARGETED_DEVICE_FAMILY = "1,2";
			};
			name = Debug;
		};
		33185CA32DC0B6A600DAD9A7 /* Release */ = {
			isa = XCBuildConfiguration;
			baseConfigurationReference = 682A3DEF6B117F939F20EE88 /* Pods-PokeApp.release.xcconfig */;
			buildSettings = {
				ASSETCATALOG_COMPILER_APPICON_NAME = AppIcon;
				ASSETCATALOG_COMPILER_GLOBAL_ACCENT_COLOR_NAME = AccentColor;
				CODE_SIGN_STYLE = Automatic;
				CURRENT_PROJECT_VERSION = 1;
				DEVELOPMENT_TEAM = J96BZ9PSBR;
				GENERATE_INFOPLIST_FILE = YES;
				INFOPLIST_FILE = PokeApp/Info.plist;
				INFOPLIST_KEY_UIApplicationSupportsIndirectInputEvents = YES;
				INFOPLIST_KEY_UILaunchStoryboardName = LaunchScreen;
				INFOPLIST_KEY_UIMainStoryboardFile = "";
				INFOPLIST_KEY_UISupportedInterfaceOrientations_iPad = "UIInterfaceOrientationPortrait UIInterfaceOrientationPortraitUpsideDown UIInterfaceOrientationLandscapeLeft UIInterfaceOrientationLandscapeRight";
				INFOPLIST_KEY_UISupportedInterfaceOrientations_iPhone = "UIInterfaceOrientationPortrait UIInterfaceOrientationLandscapeLeft UIInterfaceOrientationLandscapeRight";
				LD_RUNPATH_SEARCH_PATHS = (
					"$(inherited)",
					"@executable_path/Frameworks",
				);
				MARKETING_VERSION = 1.0;
				PRODUCT_BUNDLE_IDENTIFIER = danicano.PokeApp;
				PRODUCT_NAME = "$(TARGET_NAME)";
				SWIFT_EMIT_LOC_STRINGS = YES;
				SWIFT_VERSION = 5.0;
				TARGETED_DEVICE_FAMILY = "1,2";
			};
			name = Release;
		};
		33185CA42DC0B6A600DAD9A7 /* Debug */ = {
			isa = XCBuildConfiguration;
			buildSettings = {
				ALWAYS_SEARCH_USER_PATHS = NO;
				ASSETCATALOG_COMPILER_GENERATE_SWIFT_ASSET_SYMBOL_EXTENSIONS = YES;
				CLANG_ANALYZER_NONNULL = YES;
				CLANG_ANALYZER_NUMBER_OBJECT_CONVERSION = YES_AGGRESSIVE;
				CLANG_CXX_LANGUAGE_STANDARD = "gnu++20";
				CLANG_ENABLE_MODULES = YES;
				CLANG_ENABLE_OBJC_ARC = YES;
				CLANG_ENABLE_OBJC_WEAK = YES;
				CLANG_WARN_BLOCK_CAPTURE_AUTORELEASING = YES;
				CLANG_WARN_BOOL_CONVERSION = YES;
				CLANG_WARN_COMMA = YES;
				CLANG_WARN_CONSTANT_CONVERSION = YES;
				CLANG_WARN_DEPRECATED_OBJC_IMPLEMENTATIONS = YES;
				CLANG_WARN_DIRECT_OBJC_ISA_USAGE = YES_ERROR;
				CLANG_WARN_DOCUMENTATION_COMMENTS = YES;
				CLANG_WARN_EMPTY_BODY = YES;
				CLANG_WARN_ENUM_CONVERSION = YES;
				CLANG_WARN_INFINITE_RECURSION = YES;
				CLANG_WARN_INT_CONVERSION = YES;
				CLANG_WARN_NON_LITERAL_NULL_CONVERSION = YES;
				CLANG_WARN_OBJC_IMPLICIT_RETAIN_SELF = YES;
				CLANG_WARN_OBJC_LITERAL_CONVERSION = YES;
				CLANG_WARN_OBJC_ROOT_CLASS = YES_ERROR;
				CLANG_WARN_QUOTED_INCLUDE_IN_FRAMEWORK_HEADER = YES;
				CLANG_WARN_RANGE_LOOP_ANALYSIS = YES;
				CLANG_WARN_STRICT_PROTOTYPES = YES;
				CLANG_WARN_SUSPICIOUS_MOVE = YES;
				CLANG_WARN_UNGUARDED_AVAILABILITY = YES_AGGRESSIVE;
				CLANG_WARN_UNREACHABLE_CODE = YES;
				CLANG_WARN__DUPLICATE_METHOD_MATCH = YES;
				COPY_PHASE_STRIP = NO;
				DEBUG_INFORMATION_FORMAT = dwarf;
				DEVELOPMENT_TEAM = J96BZ9PSBR;
				ENABLE_STRICT_OBJC_MSGSEND = YES;
				ENABLE_TESTABILITY = YES;
				ENABLE_USER_SCRIPT_SANDBOXING = YES;
				GCC_C_LANGUAGE_STANDARD = gnu17;
				GCC_DYNAMIC_NO_PIC = NO;
				GCC_NO_COMMON_BLOCKS = YES;
				GCC_OPTIMIZATION_LEVEL = 0;
				GCC_PREPROCESSOR_DEFINITIONS = (
					"DEBUG=1",
					"$(inherited)",
				);
				GCC_WARN_64_TO_32_BIT_CONVERSION = YES;
				GCC_WARN_ABOUT_RETURN_TYPE = YES_ERROR;
				GCC_WARN_UNDECLARED_SELECTOR = YES;
				GCC_WARN_UNINITIALIZED_AUTOS = YES_AGGRESSIVE;
				GCC_WARN_UNUSED_FUNCTION = YES;
				GCC_WARN_UNUSED_VARIABLE = YES;
				IPHONEOS_DEPLOYMENT_TARGET = 18.4;
				LOCALIZATION_PREFERS_STRING_CATALOGS = YES;
				MTL_ENABLE_DEBUG_INFO = INCLUDE_SOURCE;
				MTL_FAST_MATH = YES;
				ONLY_ACTIVE_ARCH = YES;
				SDKROOT = iphoneos;
				SWIFT_ACTIVE_COMPILATION_CONDITIONS = "DEBUG $(inherited)";
				SWIFT_OPTIMIZATION_LEVEL = "-Onone";
			};
			name = Debug;
		};
		33185CA52DC0B6A600DAD9A7 /* Release */ = {
			isa = XCBuildConfiguration;
			buildSettings = {
				ALWAYS_SEARCH_USER_PATHS = NO;
				ASSETCATALOG_COMPILER_GENERATE_SWIFT_ASSET_SYMBOL_EXTENSIONS = YES;
				CLANG_ANALYZER_NONNULL = YES;
				CLANG_ANALYZER_NUMBER_OBJECT_CONVERSION = YES_AGGRESSIVE;
				CLANG_CXX_LANGUAGE_STANDARD = "gnu++20";
				CLANG_ENABLE_MODULES = YES;
				CLANG_ENABLE_OBJC_ARC = YES;
				CLANG_ENABLE_OBJC_WEAK = YES;
				CLANG_WARN_BLOCK_CAPTURE_AUTORELEASING = YES;
				CLANG_WARN_BOOL_CONVERSION = YES;
				CLANG_WARN_COMMA = YES;
				CLANG_WARN_CONSTANT_CONVERSION = YES;
				CLANG_WARN_DEPRECATED_OBJC_IMPLEMENTATIONS = YES;
				CLANG_WARN_DIRECT_OBJC_ISA_USAGE = YES_ERROR;
				CLANG_WARN_DOCUMENTATION_COMMENTS = YES;
				CLANG_WARN_EMPTY_BODY = YES;
				CLANG_WARN_ENUM_CONVERSION = YES;
				CLANG_WARN_INFINITE_RECURSION = YES;
				CLANG_WARN_INT_CONVERSION = YES;
				CLANG_WARN_NON_LITERAL_NULL_CONVERSION = YES;
				CLANG_WARN_OBJC_IMPLICIT_RETAIN_SELF = YES;
				CLANG_WARN_OBJC_LITERAL_CONVERSION = YES;
				CLANG_WARN_OBJC_ROOT_CLASS = YES_ERROR;
				CLANG_WARN_QUOTED_INCLUDE_IN_FRAMEWORK_HEADER = YES;
				CLANG_WARN_RANGE_LOOP_ANALYSIS = YES;
				CLANG_WARN_STRICT_PROTOTYPES = YES;
				CLANG_WARN_SUSPICIOUS_MOVE = YES;
				CLANG_WARN_UNGUARDED_AVAILABILITY = YES_AGGRESSIVE;
				CLANG_WARN_UNREACHABLE_CODE = YES;
				CLANG_WARN__DUPLICATE_METHOD_MATCH = YES;
				COPY_PHASE_STRIP = NO;
				DEBUG_INFORMATION_FORMAT = "dwarf-with-dsym";
				DEVELOPMENT_TEAM = J96BZ9PSBR;
				ENABLE_NS_ASSERTIONS = NO;
				ENABLE_STRICT_OBJC_MSGSEND = YES;
				ENABLE_USER_SCRIPT_SANDBOXING = YES;
				GCC_C_LANGUAGE_STANDARD = gnu17;
				GCC_NO_COMMON_BLOCKS = YES;
				GCC_WARN_64_TO_32_BIT_CONVERSION = YES;
				GCC_WARN_ABOUT_RETURN_TYPE = YES_ERROR;
				GCC_WARN_UNDECLARED_SELECTOR = YES;
				GCC_WARN_UNINITIALIZED_AUTOS = YES_AGGRESSIVE;
				GCC_WARN_UNUSED_FUNCTION = YES;
				GCC_WARN_UNUSED_VARIABLE = YES;
				IPHONEOS_DEPLOYMENT_TARGET = 18.4;
				LOCALIZATION_PREFERS_STRING_CATALOGS = YES;
				MTL_ENABLE_DEBUG_INFO = NO;
				MTL_FAST_MATH = YES;
				SDKROOT = iphoneos;
				SWIFT_COMPILATION_MODE = wholemodule;
				VALIDATE_PRODUCT = YES;
			};
			name = Release;
		};
		33185CA72DC0B6A600DAD9A7 /* Debug */ = {
			isa = XCBuildConfiguration;
			baseConfigurationReference = 8EBF5AADFC8D24D2AA16FDE6 /* Pods-PokeAppTests.debug.xcconfig */;
			buildSettings = {
				BUNDLE_LOADER = "$(TEST_HOST)";
				CODE_SIGN_STYLE = Automatic;
				CURRENT_PROJECT_VERSION = 1;
				DEVELOPMENT_TEAM = J96BZ9PSBR;
				GENERATE_INFOPLIST_FILE = YES;
				IPHONEOS_DEPLOYMENT_TARGET = 18.4;
				MARKETING_VERSION = 1.0;
				PRODUCT_BUNDLE_IDENTIFIER = danicano.PokeAppTests;
				PRODUCT_NAME = "$(TARGET_NAME)";
				SWIFT_EMIT_LOC_STRINGS = NO;
				SWIFT_VERSION = 5.0;
				TARGETED_DEVICE_FAMILY = "1,2";
				TEST_HOST = "$(BUILT_PRODUCTS_DIR)/PokeApp.app/$(BUNDLE_EXECUTABLE_FOLDER_PATH)/PokeApp";
			};
			name = Debug;
		};
		33185CA82DC0B6A600DAD9A7 /* Release */ = {
			isa = XCBuildConfiguration;
			baseConfigurationReference = 3F9695510186D2E1EE01DA65 /* Pods-PokeAppTests.release.xcconfig */;
			buildSettings = {
				BUNDLE_LOADER = "$(TEST_HOST)";
				CODE_SIGN_STYLE = Automatic;
				CURRENT_PROJECT_VERSION = 1;
				DEVELOPMENT_TEAM = J96BZ9PSBR;
				GENERATE_INFOPLIST_FILE = YES;
				IPHONEOS_DEPLOYMENT_TARGET = 18.4;
				MARKETING_VERSION = 1.0;
				PRODUCT_BUNDLE_IDENTIFIER = danicano.PokeAppTests;
				PRODUCT_NAME = "$(TARGET_NAME)";
				SWIFT_EMIT_LOC_STRINGS = NO;
				SWIFT_VERSION = 5.0;
				TARGETED_DEVICE_FAMILY = "1,2";
				TEST_HOST = "$(BUILT_PRODUCTS_DIR)/PokeApp.app/$(BUNDLE_EXECUTABLE_FOLDER_PATH)/PokeApp";
			};
			name = Release;
		};
		33185CAA2DC0B6A600DAD9A7 /* Debug */ = {
			isa = XCBuildConfiguration;
			baseConfigurationReference = 55829CCD61AB96E22B26FA81 /* Pods-PokeApp-PokeAppUITests.debug.xcconfig */;
			buildSettings = {
				CODE_SIGN_STYLE = Automatic;
				CURRENT_PROJECT_VERSION = 1;
				DEVELOPMENT_TEAM = J96BZ9PSBR;
				GENERATE_INFOPLIST_FILE = YES;
				MARKETING_VERSION = 1.0;
				PRODUCT_BUNDLE_IDENTIFIER = danicano.PokeAppUITests;
				PRODUCT_NAME = "$(TARGET_NAME)";
				SWIFT_EMIT_LOC_STRINGS = NO;
				SWIFT_VERSION = 5.0;
				TARGETED_DEVICE_FAMILY = "1,2";
				TEST_TARGET_NAME = PokeApp;
			};
			name = Debug;
		};
		33185CAB2DC0B6A600DAD9A7 /* Release */ = {
			isa = XCBuildConfiguration;
			baseConfigurationReference = 13F13E43A3DBC45588E95C88 /* Pods-PokeApp-PokeAppUITests.release.xcconfig */;
			buildSettings = {
				CODE_SIGN_STYLE = Automatic;
				CURRENT_PROJECT_VERSION = 1;
				DEVELOPMENT_TEAM = J96BZ9PSBR;
				GENERATE_INFOPLIST_FILE = YES;
				MARKETING_VERSION = 1.0;
				PRODUCT_BUNDLE_IDENTIFIER = danicano.PokeAppUITests;
				PRODUCT_NAME = "$(TARGET_NAME)";
				SWIFT_EMIT_LOC_STRINGS = NO;
				SWIFT_VERSION = 5.0;
				TARGETED_DEVICE_FAMILY = "1,2";
				TEST_TARGET_NAME = PokeApp;
			};
			name = Release;
		};
/* End XCBuildConfiguration section */

/* Begin XCConfigurationList section */
		33185C732DC0B6A500DAD9A7 /* Build configuration list for PBXProject "PokeApp" */ = {
			isa = XCConfigurationList;
			buildConfigurations = (
				33185CA42DC0B6A600DAD9A7 /* Debug */,
				33185CA52DC0B6A600DAD9A7 /* Release */,
			);
			defaultConfigurationIsVisible = 0;
			defaultConfigurationName = Release;
		};
		33185CA12DC0B6A600DAD9A7 /* Build configuration list for PBXNativeTarget "PokeApp" */ = {
			isa = XCConfigurationList;
			buildConfigurations = (
				33185CA22DC0B6A600DAD9A7 /* Debug */,
				33185CA32DC0B6A600DAD9A7 /* Release */,
			);
			defaultConfigurationIsVisible = 0;
			defaultConfigurationName = Release;
		};
		33185CA62DC0B6A600DAD9A7 /* Build configuration list for PBXNativeTarget "PokeAppTests" */ = {
			isa = XCConfigurationList;
			buildConfigurations = (
				33185CA72DC0B6A600DAD9A7 /* Debug */,
				33185CA82DC0B6A600DAD9A7 /* Release */,
			);
			defaultConfigurationIsVisible = 0;
			defaultConfigurationName = Release;
		};
		33185CA92DC0B6A600DAD9A7 /* Build configuration list for PBXNativeTarget "PokeAppUITests" */ = {
			isa = XCConfigurationList;
			buildConfigurations = (
				33185CAA2DC0B6A600DAD9A7 /* Debug */,
				33185CAB2DC0B6A600DAD9A7 /* Release */,
			);
			defaultConfigurationIsVisible = 0;
			defaultConfigurationName = Release;
		};
/* End XCConfigurationList section */
	};
	rootObject = 33185C702DC0B6A500DAD9A7 /* Project object */;
}
